
Microsoft Visual Studio Solution File, Format Version 12.00
# Visual Studio Version 17
VisualStudioVersion = 17.3.32804.467
MinimumVisualStudioVersion = 10.0.40219.1
Project("{9A19103F-16F7-4668-BE54-9A1E7A4F7556}") = "EFexample", "EFexample\EFexample.csproj", "{8928B7FA-8865-4DE5-A43C-2379949C2A1E}"
EndProject
Project("{2150E333-8FDC-42A3-9474-1A3956D46DE8}") = "Solution Items", "Solution Items", "{1B68A82D-D302-4C8F-BE0B-B7EF6104BDE0}"
	ProjectSection(SolutionItems) = preProject
		.editorconfig = .editorconfig
	EndProjectSection
EndProject
Project("{9A19103F-16F7-4668-BE54-9A1E7A4F7556}") = "Scalar-And-Inline-Functions", "Scalar-And-Inline-Functions\Scalar-And-Inline-Functions.csproj", "{884F2AF9-A5B7-4F4F-AB1C-29F38EE6FBAD}"
EndProject
Project("{2150E333-8FDC-42A3-9474-1A3956D46DE8}") = "Value-Conversions", "Value-Conversions", "{33BE7C51-B2B2-48CC-B389-6AAEFAF33AA3}"
EndProject
Project("{9A19103F-16F7-4668-BE54-9A1E7A4F7556}") = "Value-Conversions", "Value-Conversions\Value-Conversions.csproj", "{B3C5F470-CF4E-4DEC-8F42-787C08B18E31}"
EndProject
Project("{9A19103F-16F7-4668-BE54-9A1E7A4F7556}") = "InMemory", "InMemory\InMemory.csproj", "{2F684B73-AEF5-44D9-9EFA-9DA8190F5071}"
EndProject
Project("{9A19103F-16F7-4668-BE54-9A1E7A4F7556}") = "EntityFrameworkDotNet7News", "EntityFrameworkDotNet7News\EntityFrameworkDotNet7News.csproj", "{6D402E73-09F8-49E8-ADF4-C2F504BFA78A}"
EndProject
Project("{FAE04EC0-301F-11D3-BF4B-00C04F79EFBC}") = "EF_Core_7_New_Entity_Splitting", "EF_Core_7_New_Entity_Splitting\EF_Core_7_New_Entity_Splitting.csproj", "{3C204BBE-9AAF-45C4-A0FB-4B31DE96CF9C}"
EndProject
Global
	GlobalSection(SolutionConfigurationPlatforms) = preSolution
		Debug|Any CPU = Debug|Any CPU
		Release|Any CPU = Release|Any CPU
	EndGlobalSection
	GlobalSection(ProjectConfigurationPlatforms) = postSolution
		{8928B7FA-8865-4DE5-A43C-2379949C2A1E}.Debug|Any CPU.ActiveCfg = Debug|Any CPU
		{8928B7FA-8865-4DE5-A43C-2379949C2A1E}.Debug|Any CPU.Build.0 = Debug|Any CPU
		{8928B7FA-8865-4DE5-A43C-2379949C2A1E}.Release|Any CPU.ActiveCfg = Release|Any CPU
		{8928B7FA-8865-4DE5-A43C-2379949C2A1E}.Release|Any CPU.Build.0 = Release|Any CPU
		{884F2AF9-A5B7-4F4F-AB1C-29F38EE6FBAD}.Debug|Any CPU.ActiveCfg = Debug|Any CPU
		{884F2AF9-A5B7-4F4F-AB1C-29F38EE6FBAD}.Debug|Any CPU.Build.0 = Debug|Any CPU
		{884F2AF9-A5B7-4F4F-AB1C-29F38EE6FBAD}.Release|Any CPU.ActiveCfg = Release|Any CPU
		{884F2AF9-A5B7-4F4F-AB1C-29F38EE6FBAD}.Release|Any CPU.Build.0 = Release|Any CPU
		{B3C5F470-CF4E-4DEC-8F42-787C08B18E31}.Debug|Any CPU.ActiveCfg = Debug|Any CPU
		{B3C5F470-CF4E-4DEC-8F42-787C08B18E31}.Debug|Any CPU.Build.0 = Debug|Any CPU
		{B3C5F470-CF4E-4DEC-8F42-787C08B18E31}.Release|Any CPU.ActiveCfg = Release|Any CPU
		{B3C5F470-CF4E-4DEC-8F42-787C08B18E31}.Release|Any CPU.Build.0 = Release|Any CPU
		{2F684B73-AEF5-44D9-9EFA-9DA8190F5071}.Debug|Any CPU.ActiveCfg = Debug|Any CPU
		{2F684B73-AEF5-44D9-9EFA-9DA8190F5071}.Debug|Any CPU.Build.0 = Debug|Any CPU
		{2F684B73-AEF5-44D9-9EFA-9DA8190F5071}.Release|Any CPU.ActiveCfg = Release|Any CPU
		{2F684B73-AEF5-44D9-9EFA-9DA8190F5071}.Release|Any CPU.Build.0 = Release|Any CPU
		{6D402E73-09F8-49E8-ADF4-C2F504BFA78A}.Debug|Any CPU.ActiveCfg = Debug|Any CPU
		{6D402E73-09F8-49E8-ADF4-C2F504BFA78A}.Debug|Any CPU.Build.0 = Debug|Any CPU
		{6D402E73-09F8-49E8-ADF4-C2F504BFA78A}.Release|Any CPU.ActiveCfg = Release|Any CPU
		{6D402E73-09F8-49E8-ADF4-C2F504BFA78A}.Release|Any CPU.Build.0 = Release|Any CPU
		{3C204BBE-9AAF-45C4-A0FB-4B31DE96CF9C}.Debug|Any CPU.ActiveCfg = Debug|Any CPU
		{3C204BBE-9AAF-45C4-A0FB-4B31DE96CF9C}.Debug|Any CPU.Build.0 = Debug|Any CPU
		{3C204BBE-9AAF-45C4-A0FB-4B31DE96CF9C}.Release|Any CPU.ActiveCfg = Release|Any CPU
		{3C204BBE-9AAF-45C4-A0FB-4B31DE96CF9C}.Release|Any CPU.Build.0 = Release|Any CPU
	EndGlobalSection
	GlobalSection(SolutionProperties) = preSolution
		HideSolutionNode = FALSE
	EndGlobalSection
	GlobalSection(NestedProjects) = preSolution
		{B3C5F470-CF4E-4DEC-8F42-787C08B18E31} = {33BE7C51-B2B2-48CC-B389-6AAEFAF33AA3}
	EndGlobalSection
	GlobalSection(ExtensibilityGlobals) = postSolution
		SolutionGuid = {5085B7AC-AF74-458E-91C0-C5F305FA75E8}
	EndGlobalSection
EndGlobal
